<?xml version="1.0" encoding="utf-8"?>
<Project ToolsVersion="4.0" xmlns="http://schemas.microsoft.com/developer/msbuild/2003">
  <ItemGroup>
    <ClCompile Include="Background.c" />
    <ClCompile Include="Batalha\inimigo.c" />
    <ClCompile Include="Batalha\batalha.c" />
    <ClCompile Include="Historias\Background\BackgroundDialogo.c" />
    <ClCompile Include="Historias\historia.c" />
    <ClCompile Include="Historias\Dialogos\dialogos.c" />
    <ClCompile Include="Historias\Escolhas\escolhas.c" />
    <ClCompile Include="Historias\Personagens\personagens.c" />
    <ClCompile Include="Init.c" />
    <ClCompile Include="main.c" />
    <ClCompile Include="Batalha\player.c" />
    <ClCompile Include="MenuInicial\MenuInicio.c" />
  </ItemGroup>
  <ItemGroup>
    <ClInclude Include="Background.h" />
    <ClInclude Include="constantes.h" />
    <ClInclude Include="Batalha\Inimigo.h" />
    <ClInclude Include="game.h" />
    <ClInclude Include="Historias\Background\BackgroundDialogo.h" />
    <ClInclude Include="Historias\Dialogos\dialogos.h" />
    <ClInclude Include="Historias\Escolhas\escolhas.h" />
    <ClInclude Include="Historias\historia.h" />
    <ClInclude Include="Historias\Personagens\personagens.h" />
    <ClInclude Include="Init.h" />
    <ClInclude Include="Batalha\player.h" />
    <ClInclude Include="MenuInicial\Menu.h" />
  </ItemGroup>
  <ItemGroup>
    <Image Include="Sprites\Background\BatalhaDay.png" />
    <Image Include="Sprites\Background\BatalhaNight.png" />
    <Image Include="Sprites\Inimigo\ataque.png" />
    <Image Include="Sprites\Inimigo\correr.png" />
    <Image Include="Sprites\Player\ataque.png" />
    <Image Include="Sprites\Player\correr.png" />
    <Image Include="Sprites\Player\idle.png" />
    <Image Include="Fontes PI\Fonte Roman\Roman.jpg" />
    <Image Include="Sprites\Background\esparta.jpeg" />
    <Image Include="Sprites\Background\itaca.jpeg" />
    <Image Include="Sprites\Personagens\Agamemnon.png" />
    <Image Include="Sprites\Personagens\Espartano.png" />
    <Image Include="Sprites\Personagens\Menelau.png" />
    <Image Include="Sprites\Personagens\Odisseu.png" />
    <Image Include="Sprites\Personagens\Troiano.png" />
    <Image Include="Sprites\Botoes\Button_Animation1.png" />
    <Image Include="Sprites\Botoes\Button_Animation2.png" />
    <Image Include="Sprites\Botoes\MenuInicialBG.png" />
  </ItemGroup>
  <ItemGroup>
    <Font Include="Fontes PI\Fonte Arial\arial.ttf" />
    <Font Include="Fontes PI\Fonte Heorot\heorot.ttf" />
    <Font Include="Fontes PI\Fonte Heorot\heorote.ttf" />
    <Font Include="Fontes PI\Fonte Heorot\heorotei.ttf" />
    <Font Include="Fontes PI\Fonte Heorot\heoroti.ttf" />
    <Font Include="Fontes PI\Fonte Heorot\heorots.ttf" />
    <Font Include="Fontes PI\Fonte Heorot\heorotsi.ttf" />
    <Font Include="Fontes PI\Fonte Marathon\Marav2.ttf" />
    <Font Include="Fontes PI\Fonte Roman\Roman SD.ttf" />
  </ItemGroup>
  <ItemGroup>
    <None Include="packages.config" />
  </ItemGroup>
  <ItemGroup>
    <Text Include="allegro.log" />
    <Text Include="Fontes PI\Fonte Roman\_Read Me.txt" />
    <Text Include="Historias\Background\Backgrounds.txt" />
    <Text Include="Historias\Dialogos\dialogo1.txt" />
    <Text Include="Historias\Dialogos\dialogo2.txt" />
    <Text Include="Historias\Escolhas\escolhas.txt" />
    <Text Include="Historias\Personagens\personagens.txt" />
    <Text Include="Historias\Dialogos\dialogoFinal.txt" />
  </ItemGroup>
</Project>